
Microsoft Visual Studio Solution File, Format Version 12.00
# Visual Studio Version 17
VisualStudioVersion = 17.9.34902.65
MinimumVisualStudioVersion = 10.0.40219.1
Project("{2150E333-8FDC-42A3-9474-1A3956D46DE8}") = "Solution Items", "Solution Items", "{E461F66B-1900-44A0-BDBA-B526E8946E4C}"
	ProjectSection(SolutionItems) = preProject
		.dockerignore = .dockerignore
		.editorconfig = .editorconfig
		.gitattributes = .gitattributes
		.gitignore = .gitignore
		README.md = README.md
	EndProjectSection
EndProject
Project("{9A19103F-16F7-4668-BE54-9A1E7A4F7556}") = "SkillCraft.Contracts", "src\SkillCraft.Contracts\SkillCraft.Contracts.csproj", "{670D8C24-5A63-4912-86DE-C9DF044528AF}"
EndProject
Project("{9A19103F-16F7-4668-BE54-9A1E7A4F7556}") = "SkillCraft.Domain", "src\SkillCraft.Domain\SkillCraft.Domain.csproj", "{8DC5E814-4786-41C5-B7AF-6EE70632760C}"
EndProject
Project("{9A19103F-16F7-4668-BE54-9A1E7A4F7556}") = "SkillCraft.Application", "src\SkillCraft.Application\SkillCraft.Application.csproj", "{51A50519-DEDD-4191-8876-7408D93A7C3F}"
EndProject
Project("{9A19103F-16F7-4668-BE54-9A1E7A4F7556}") = "SkillCraft.Infrastructure", "src\SkillCraft.Infrastructure\SkillCraft.Infrastructure.csproj", "{A5BB92FB-A12D-4C18-BEC8-B6D715BE68F5}"
EndProject
Project("{9A19103F-16F7-4668-BE54-9A1E7A4F7556}") = "SkillCraft", "src\SkillCraft\SkillCraft.csproj", "{B6E5D4BE-469A-4113-8E95-F0D2EEB8A05C}"
EndProject
Project("{2150E333-8FDC-42A3-9474-1A3956D46DE8}") = "Tests", "Tests", "{7FBDBFF0-4B11-45C7-A500-8EAA0827E496}"
EndProject
Project("{9A19103F-16F7-4668-BE54-9A1E7A4F7556}") = "SkillCraft.Domain.UnitTests", "tests\SkillCraft.Domain.UnitTests\SkillCraft.Domain.UnitTests.csproj", "{9EB34322-42EA-424B-8EFB-084D2847A63A}"
EndProject
Project("{9A19103F-16F7-4668-BE54-9A1E7A4F7556}") = "SkillCraft.Tests", "tests\SkillCraft.Tests\SkillCraft.Tests.csproj", "{89281C02-D241-4562-A3EB-42FC64263066}"
EndProject
Project("{9A19103F-16F7-4668-BE54-9A1E7A4F7556}") = "SkillCraft.Application.UnitTests", "tests\SkillCraft.Application.UnitTests\SkillCraft.Application.UnitTests.csproj", "{C21F4592-56D2-44DD-B31A-C10F71A7202D}"
EndProject
Project("{2150E333-8FDC-42A3-9474-1A3956D46DE8}") = "Tools", "Tools", "{4B7F75E0-DBDC-4030-9A9E-EDCD52D2C8DB}"
EndProject
Project("{9A19103F-16F7-4668-BE54-9A1E7A4F7556}") = "SkillCraft.Tools.Seeding", "tools\SkillCraft.Tools.Seeding\SkillCraft.Tools.Seeding.csproj", "{EF45C46B-C69A-4795-9EB4-DE0F09582E9A}"
EndProject
Project("{9A19103F-16F7-4668-BE54-9A1E7A4F7556}") = "SkillCraft.EntityFrameworkCore", "src\SkillCraft.EntityFrameworkCore\SkillCraft.EntityFrameworkCore.csproj", "{89C4BF95-5F9B-4DE4-81D2-9483E34DE95C}"
EndProject
Project("{9A19103F-16F7-4668-BE54-9A1E7A4F7556}") = "SkillCraft.EntityFrameworkCore.SqlServer", "src\SkillCraft.EntityFrameworkCore.SqlServer\SkillCraft.EntityFrameworkCore.SqlServer.csproj", "{4E2A0F8B-5399-4DAC-A841-862F67D65D31}"
EndProject
Project("{9A19103F-16F7-4668-BE54-9A1E7A4F7556}") = "SkillCraft.EntityFrameworkCore.PostgreSQL", "src\SkillCraft.EntityFrameworkCore.PostgreSQL\SkillCraft.EntityFrameworkCore.PostgreSQL.csproj", "{64CB299B-09CE-425C-975E-CE3680C3E3A5}"
EndProject
Project("{9A19103F-16F7-4668-BE54-9A1E7A4F7556}") = "SkillCraft.MongoDB", "src\SkillCraft.MongoDB\SkillCraft.MongoDB.csproj", "{D8E40ACC-8515-4F58-A5C5-C20268D74984}"
EndProject
Project("{9A19103F-16F7-4668-BE54-9A1E7A4F7556}") = "SkillCraft.IntegrationTests", "tests\SkillCraft.IntegrationTests\SkillCraft.IntegrationTests.csproj", "{0B647925-C668-4B2C-95D0-F0CEB688A066}"
EndProject
Project("{FAE04EC0-301F-11D3-BF4B-00C04F79EFBC}") = "SkillCraft.Infrastructure.UnitTests", "tests\SkillCraft.Infrastructure.UnitTests\SkillCraft.Infrastructure.UnitTests.csproj", "{AB824C40-BF92-4871-ACF0-E500D64E40E4}"
EndProject
Global
	GlobalSection(SolutionConfigurationPlatforms) = preSolution
		Debug|Any CPU = Debug|Any CPU
		Release|Any CPU = Release|Any CPU
	EndGlobalSection
	GlobalSection(ProjectConfigurationPlatforms) = postSolution
		{670D8C24-5A63-4912-86DE-C9DF044528AF}.Debug|Any CPU.ActiveCfg = Debug|Any CPU
		{670D8C24-5A63-4912-86DE-C9DF044528AF}.Debug|Any CPU.Build.0 = Debug|Any CPU
		{670D8C24-5A63-4912-86DE-C9DF044528AF}.Release|Any CPU.ActiveCfg = Release|Any CPU
		{670D8C24-5A63-4912-86DE-C9DF044528AF}.Release|Any CPU.Build.0 = Release|Any CPU
		{8DC5E814-4786-41C5-B7AF-6EE70632760C}.Debug|Any CPU.ActiveCfg = Debug|Any CPU
		{8DC5E814-4786-41C5-B7AF-6EE70632760C}.Debug|Any CPU.Build.0 = Debug|Any CPU
		{8DC5E814-4786-41C5-B7AF-6EE70632760C}.Release|Any CPU.ActiveCfg = Release|Any CPU
		{8DC5E814-4786-41C5-B7AF-6EE70632760C}.Release|Any CPU.Build.0 = Release|Any CPU
		{51A50519-DEDD-4191-8876-7408D93A7C3F}.Debug|Any CPU.ActiveCfg = Debug|Any CPU
		{51A50519-DEDD-4191-8876-7408D93A7C3F}.Debug|Any CPU.Build.0 = Debug|Any CPU
		{51A50519-DEDD-4191-8876-7408D93A7C3F}.Release|Any CPU.ActiveCfg = Release|Any CPU
		{51A50519-DEDD-4191-8876-7408D93A7C3F}.Release|Any CPU.Build.0 = Release|Any CPU
		{A5BB92FB-A12D-4C18-BEC8-B6D715BE68F5}.Debug|Any CPU.ActiveCfg = Debug|Any CPU
		{A5BB92FB-A12D-4C18-BEC8-B6D715BE68F5}.Debug|Any CPU.Build.0 = Debug|Any CPU
		{A5BB92FB-A12D-4C18-BEC8-B6D715BE68F5}.Release|Any CPU.ActiveCfg = Release|Any CPU
		{A5BB92FB-A12D-4C18-BEC8-B6D715BE68F5}.Release|Any CPU.Build.0 = Release|Any CPU
		{B6E5D4BE-469A-4113-8E95-F0D2EEB8A05C}.Debug|Any CPU.ActiveCfg = Debug|Any CPU
		{B6E5D4BE-469A-4113-8E95-F0D2EEB8A05C}.Debug|Any CPU.Build.0 = Debug|Any CPU
		{B6E5D4BE-469A-4113-8E95-F0D2EEB8A05C}.Release|Any CPU.ActiveCfg = Release|Any CPU
		{B6E5D4BE-469A-4113-8E95-F0D2EEB8A05C}.Release|Any CPU.Build.0 = Release|Any CPU
		{9EB34322-42EA-424B-8EFB-084D2847A63A}.Debug|Any CPU.ActiveCfg = Debug|Any CPU
		{9EB34322-42EA-424B-8EFB-084D2847A63A}.Debug|Any CPU.Build.0 = Debug|Any CPU
		{9EB34322-42EA-424B-8EFB-084D2847A63A}.Release|Any CPU.ActiveCfg = Release|Any CPU
		{9EB34322-42EA-424B-8EFB-084D2847A63A}.Release|Any CPU.Build.0 = Release|Any CPU
		{89281C02-D241-4562-A3EB-42FC64263066}.Debug|Any CPU.ActiveCfg = Debug|Any CPU
		{89281C02-D241-4562-A3EB-42FC64263066}.Debug|Any CPU.Build.0 = Debug|Any CPU
		{89281C02-D241-4562-A3EB-42FC64263066}.Release|Any CPU.ActiveCfg = Release|Any CPU
		{89281C02-D241-4562-A3EB-42FC64263066}.Release|Any CPU.Build.0 = Release|Any CPU
		{C21F4592-56D2-44DD-B31A-C10F71A7202D}.Debug|Any CPU.ActiveCfg = Debug|Any CPU
		{C21F4592-56D2-44DD-B31A-C10F71A7202D}.Debug|Any CPU.Build.0 = Debug|Any CPU
		{C21F4592-56D2-44DD-B31A-C10F71A7202D}.Release|Any CPU.ActiveCfg = Release|Any CPU
		{C21F4592-56D2-44DD-B31A-C10F71A7202D}.Release|Any CPU.Build.0 = Release|Any CPU
		{EF45C46B-C69A-4795-9EB4-DE0F09582E9A}.Debug|Any CPU.ActiveCfg = Debug|Any CPU
		{EF45C46B-C69A-4795-9EB4-DE0F09582E9A}.Debug|Any CPU.Build.0 = Debug|Any CPU
		{EF45C46B-C69A-4795-9EB4-DE0F09582E9A}.Release|Any CPU.ActiveCfg = Release|Any CPU
		{EF45C46B-C69A-4795-9EB4-DE0F09582E9A}.Release|Any CPU.Build.0 = Release|Any CPU
		{89C4BF95-5F9B-4DE4-81D2-9483E34DE95C}.Debug|Any CPU.ActiveCfg = Debug|Any CPU
		{89C4BF95-5F9B-4DE4-81D2-9483E34DE95C}.Debug|Any CPU.Build.0 = Debug|Any CPU
		{89C4BF95-5F9B-4DE4-81D2-9483E34DE95C}.Release|Any CPU.ActiveCfg = Release|Any CPU
		{89C4BF95-5F9B-4DE4-81D2-9483E34DE95C}.Release|Any CPU.Build.0 = Release|Any CPU
		{4E2A0F8B-5399-4DAC-A841-862F67D65D31}.Debug|Any CPU.ActiveCfg = Debug|Any CPU
		{4E2A0F8B-5399-4DAC-A841-862F67D65D31}.Debug|Any CPU.Build.0 = Debug|Any CPU
		{4E2A0F8B-5399-4DAC-A841-862F67D65D31}.Release|Any CPU.ActiveCfg = Release|Any CPU
		{4E2A0F8B-5399-4DAC-A841-862F67D65D31}.Release|Any CPU.Build.0 = Release|Any CPU
		{64CB299B-09CE-425C-975E-CE3680C3E3A5}.Debug|Any CPU.ActiveCfg = Debug|Any CPU
		{64CB299B-09CE-425C-975E-CE3680C3E3A5}.Debug|Any CPU.Build.0 = Debug|Any CPU
		{64CB299B-09CE-425C-975E-CE3680C3E3A5}.Release|Any CPU.ActiveCfg = Release|Any CPU
		{64CB299B-09CE-425C-975E-CE3680C3E3A5}.Release|Any CPU.Build.0 = Release|Any CPU
		{D8E40ACC-8515-4F58-A5C5-C20268D74984}.Debug|Any CPU.ActiveCfg = Debug|Any CPU
		{D8E40ACC-8515-4F58-A5C5-C20268D74984}.Debug|Any CPU.Build.0 = Debug|Any CPU
		{D8E40ACC-8515-4F58-A5C5-C20268D74984}.Release|Any CPU.ActiveCfg = Release|Any CPU
		{D8E40ACC-8515-4F58-A5C5-C20268D74984}.Release|Any CPU.Build.0 = Release|Any CPU
		{0B647925-C668-4B2C-95D0-F0CEB688A066}.Debug|Any CPU.ActiveCfg = Debug|Any CPU
		{0B647925-C668-4B2C-95D0-F0CEB688A066}.Debug|Any CPU.Build.0 = Debug|Any CPU
		{0B647925-C668-4B2C-95D0-F0CEB688A066}.Release|Any CPU.ActiveCfg = Release|Any CPU
		{0B647925-C668-4B2C-95D0-F0CEB688A066}.Release|Any CPU.Build.0 = Release|Any CPU
		{AB824C40-BF92-4871-ACF0-E500D64E40E4}.Debug|Any CPU.ActiveCfg = Debug|Any CPU
		{AB824C40-BF92-4871-ACF0-E500D64E40E4}.Debug|Any CPU.Build.0 = Debug|Any CPU
		{AB824C40-BF92-4871-ACF0-E500D64E40E4}.Release|Any CPU.ActiveCfg = Release|Any CPU
		{AB824C40-BF92-4871-ACF0-E500D64E40E4}.Release|Any CPU.Build.0 = Release|Any CPU
	EndGlobalSection
	GlobalSection(SolutionProperties) = preSolution
		HideSolutionNode = FALSE
	EndGlobalSection
	GlobalSection(NestedProjects) = preSolution
		{9EB34322-42EA-424B-8EFB-084D2847A63A} = {7FBDBFF0-4B11-45C7-A500-8EAA0827E496}
		{89281C02-D241-4562-A3EB-42FC64263066} = {7FBDBFF0-4B11-45C7-A500-8EAA0827E496}
		{C21F4592-56D2-44DD-B31A-C10F71A7202D} = {7FBDBFF0-4B11-45C7-A500-8EAA0827E496}
		{EF45C46B-C69A-4795-9EB4-DE0F09582E9A} = {4B7F75E0-DBDC-4030-9A9E-EDCD52D2C8DB}
		{0B647925-C668-4B2C-95D0-F0CEB688A066} = {7FBDBFF0-4B11-45C7-A500-8EAA0827E496}
		{AB824C40-BF92-4871-ACF0-E500D64E40E4} = {7FBDBFF0-4B11-45C7-A500-8EAA0827E496}
	EndGlobalSection
	GlobalSection(ExtensibilityGlobals) = postSolution
		SolutionGuid = {9209D91A-76AB-459E-BF46-E516182FE797}
	EndGlobalSection
EndGlobal
